
Microsoft Visual Studio Solution File, Format Version 12.00
# Visual Studio Version 16
VisualStudioVersion = 16.0.30503.244
MinimumVisualStudioVersion = 10.0.40219.1
Project("{9A19103F-16F7-4668-BE54-9A1E7A4F7556}") = "NonIOC.SDK", "NonIOC.SDK\NonIOC.SDK.csproj", "{7FBC1AAE-320C-47A6-BA62-5254446B4FBE}"
EndProject
Global
	GlobalSection(SolutionConfigurationPlatforms) = preSolution
		Debug|Any CPU = Debug|Any CPU
		Release|Any CPU = Release|Any CPU
	EndGlobalSection
	GlobalSection(ProjectConfigurationPlatforms) = postSolution
		{7FBC1AAE-320C-47A6-BA62-5254446B4FBE}.Debug|Any CPU.ActiveCfg = Debug|Any CPU
		{7FBC1AAE-320C-47A6-BA62-5254446B4FBE}.Debug|Any CPU.Build.0 = Debug|Any CPU
		{7FBC1AAE-320C-47A6-BA62-5254446B4FBE}.Release|Any CPU.ActiveCfg = Release|Any CPU
		{7FBC1AAE-320C-47A6-BA62-5254446B4FBE}.Release|Any CPU.Build.0 = Release|Any CPU
	EndGlobalSection
	GlobalSection(SolutionProperties) = preSolution
		HideSolutionNode = FALSE
	EndGlobalSection
	GlobalSection(ExtensibilityGlobals) = postSolution
		SolutionGuid = {40822E4C-F0F0-4970-B4D8-54F6A0208D84}
	EndGlobalSection
EndGlobal
