
Microsoft Visual Studio Solution File, Format Version 12.00
# Visual Studio Version 16
VisualStudioVersion = 16.0.30503.244
MinimumVisualStudioVersion = 10.0.40219.1
Project("{9A19103F-16F7-4668-BE54-9A1E7A4F7556}") = "BadIOC.ConsoleApp", "BadIOC.ConsoleApp\BadIOC.ConsoleApp.csproj", "{38C87B4B-89E0-478B-9D9B-F28F9F59CC6C}"
EndProject
Global
	GlobalSection(SolutionConfigurationPlatforms) = preSolution
		Debug|Any CPU = Debug|Any CPU
		Release|Any CPU = Release|Any CPU
	EndGlobalSection
	GlobalSection(ProjectConfigurationPlatforms) = postSolution
		{38C87B4B-89E0-478B-9D9B-F28F9F59CC6C}.Debug|Any CPU.ActiveCfg = Debug|Any CPU
		{38C87B4B-89E0-478B-9D9B-F28F9F59CC6C}.Debug|Any CPU.Build.0 = Debug|Any CPU
		{38C87B4B-89E0-478B-9D9B-F28F9F59CC6C}.Release|Any CPU.ActiveCfg = Release|Any CPU
		{38C87B4B-89E0-478B-9D9B-F28F9F59CC6C}.Release|Any CPU.Build.0 = Release|Any CPU
	EndGlobalSection
	GlobalSection(SolutionProperties) = preSolution
		HideSolutionNode = FALSE
	EndGlobalSection
	GlobalSection(ExtensibilityGlobals) = postSolution
		SolutionGuid = {93938109-2A62-4C18-81FE-034A3736F308}
	EndGlobalSection
EndGlobal
